// !$*UTF8*$!
{
	archiveVersion = 1;
	classes = {
	};
	objectVersion = 48;
	objects = {

/* Begin PBXBuildFile section */
		560EDAED2430927A0011DB55 /* WeeklyChallangeViewController.swift in Sources */ = {isa = PBXBuildFile; fileRef = 560EDAEC2430927A0011DB55 /* WeeklyChallangeViewController.swift */; };
		561BA9B0244F2D13006626CF /* WorkoutPlan.swift in Sources */ = {isa = PBXBuildFile; fileRef = 561BA9AF244F2D13006626CF /* WorkoutPlan.swift */; };
		5634BFCD243FCB2D00FEF19B /* ApiResult.swift in Sources */ = {isa = PBXBuildFile; fileRef = 5634BFCC243FCB2D00FEF19B /* ApiResult.swift */; };
		5634BFD324408BC900FEF19B /* ApiClient.swift in Sources */ = {isa = PBXBuildFile; fileRef = 5634BFD224408BC900FEF19B /* ApiClient.swift */; };
		5634BFDA2440AE8800FEF19B /* CoreDataCollectionProperty.swift in Sources */ = {isa = PBXBuildFile; fileRef = 5634BFD92440AE8800FEF19B /* CoreDataCollectionProperty.swift */; };
		5634BFDC2440AF3300FEF19B /* DataController.swift in Sources */ = {isa = PBXBuildFile; fileRef = 5634BFDB2440AF3300FEF19B /* DataController.swift */; };
		5634BFDE2440B0CC00FEF19B /* CoreDataResult.swift in Sources */ = {isa = PBXBuildFile; fileRef = 5634BFDD2440B0CC00FEF19B /* CoreDataResult.swift */; };
		5636B00B2441C325005B7C2C /* LocalModel.xcdatamodeld in Sources */ = {isa = PBXBuildFile; fileRef = 5636B0092441C325005B7C2C /* LocalModel.xcdatamodeld */; };
		564B4ED8244B2EDE00ABD59B /* WorkoutPlanTableView.swift in Sources */ = {isa = PBXBuildFile; fileRef = 564B4ED7244B2EDE00ABD59B /* WorkoutPlanTableView.swift */; };
		564B4EDA244B30AA00ABD59B /* Workout.swift in Sources */ = {isa = PBXBuildFile; fileRef = 564B4ED9244B30AA00ABD59B /* Workout.swift */; };
		5653570D20542E8700857C9B /* AppDelegate.swift in Sources */ = {isa = PBXBuildFile; fileRef = 5653570C20542E8700857C9B /* AppDelegate.swift */; };
		5653571220542E8700857C9B /* Main.storyboard in Resources */ = {isa = PBXBuildFile; fileRef = 5653571020542E8700857C9B /* Main.storyboard */; };
		5653571420542E8700857C9B /* Assets.xcassets in Resources */ = {isa = PBXBuildFile; fileRef = 5653571320542E8700857C9B /* Assets.xcassets */; };
		5653571720542E8700857C9B /* LaunchScreen.storyboard in Resources */ = {isa = PBXBuildFile; fileRef = 5653571520542E8700857C9B /* LaunchScreen.storyboard */; };
		565357212055329D00857C9B /* AboutViewController.swift in Sources */ = {isa = PBXBuildFile; fileRef = 565357202055329C00857C9B /* AboutViewController.swift */; };
		56762CE0244A3D1100D7D191 /* WeeklyChallangeResponse.swift in Sources */ = {isa = PBXBuildFile; fileRef = 56762CDF244A3D1100D7D191 /* WeeklyChallangeResponse.swift */; };
		56762CE2244A3E7F00D7D191 /* ApiRepository.swift in Sources */ = {isa = PBXBuildFile; fileRef = 56762CE1244A3E7F00D7D191 /* ApiRepository.swift */; };
		56762CE5244A3FB800D7D191 /* GetWeeklyChallangeUseCase.swift in Sources */ = {isa = PBXBuildFile; fileRef = 56762CE4244A3FB800D7D191 /* GetWeeklyChallangeUseCase.swift */; };
		5693EA1B243B89EE006BB1C7 /* ObservableProperty.swift in Sources */ = {isa = PBXBuildFile; fileRef = 5693EA1A243B89EE006BB1C7 /* ObservableProperty.swift */; };
		5693EA1F243B9A93006BB1C7 /* AsyncResult.swift in Sources */ = {isa = PBXBuildFile; fileRef = 5693EA1E243B9A93006BB1C7 /* AsyncResult.swift */; };
		5693EA2A243C7BAF006BB1C7 /* BaseViewController.swift in Sources */ = {isa = PBXBuildFile; fileRef = 5693EA29243C7BAF006BB1C7 /* BaseViewController.swift */; };
		5693EA2C243CDEED006BB1C7 /* GeocodeLocationProperty.swift in Sources */ = {isa = PBXBuildFile; fileRef = 5693EA2B243CDEED006BB1C7 /* GeocodeLocationProperty.swift */; };
		5695A5B42444A1C400EC5434 /* PhotoCollectionDownloader.swift in Sources */ = {isa = PBXBuildFile; fileRef = 5695A5B32444A1C400EC5434 /* PhotoCollectionDownloader.swift */; };
		5695A5B62444ACB000EC5434 /* FetchedCollectionViewDataSource.swift in Sources */ = {isa = PBXBuildFile; fileRef = 5695A5B52444ACB000EC5434 /* FetchedCollectionViewDataSource.swift */; };
		5697C392244B7E8300CFCC01 /* WorkoutTableCell.swift in Sources */ = {isa = PBXBuildFile; fileRef = 5697C391244B7E8300CFCC01 /* WorkoutTableCell.swift */; };
		5697C395244B8DAD00CFCC01 /* WorkoutTableCell.xib in Resources */ = {isa = PBXBuildFile; fileRef = 5697C394244B8DAC00CFCC01 /* WorkoutTableCell.xib */; };
		569A4D992448811500531473 /* UseCase.swift in Sources */ = {isa = PBXBuildFile; fileRef = 569A4D982448811500531473 /* UseCase.swift */; };
		569A4D9D2448851400531473 /* InitialFlowCoordinator.swift in Sources */ = {isa = PBXBuildFile; fileRef = 569A4D9C2448851400531473 /* InitialFlowCoordinator.swift */; };
		569A4DA22448A66500531473 /* BaseFlowCoordinator.swift in Sources */ = {isa = PBXBuildFile; fileRef = 569A4DA12448A66500531473 /* BaseFlowCoordinator.swift */; };
		569A4DA42448CF0D00531473 /* GoogleService-Info.plist in Resources */ = {isa = PBXBuildFile; fileRef = 569A4DA32448CF0D00531473 /* GoogleService-Info.plist */; };
		56AD64412433AD9D000D88FE /* IdGenerator.swift in Sources */ = {isa = PBXBuildFile; fileRef = 56AD64402433AD9D000D88FE /* IdGenerator.swift */; };
		56BDFE91243258F40013A9EB /* ApiRequest.swift in Sources */ = {isa = PBXBuildFile; fileRef = 56BDFE90243258F40013A9EB /* ApiRequest.swift */; };
		56BDFE93243262AA0013A9EB /* BaseApi.swift in Sources */ = {isa = PBXBuildFile; fileRef = 56BDFE92243262AA0013A9EB /* BaseApi.swift */; };
		56BDFE95243276FC0013A9EB /* ApiProperty.swift in Sources */ = {isa = PBXBuildFile; fileRef = 56BDFE94243276FC0013A9EB /* ApiProperty.swift */; };
		56CB51DA2445F1BC008B1EAA /* LoginViewController.swift in Sources */ = {isa = PBXBuildFile; fileRef = 56CB51D92445F1BC008B1EAA /* LoginViewController.swift */; };
		56D108062449F2B300256973 /* WorkoutResultViewController.swift in Sources */ = {isa = PBXBuildFile; fileRef = 56D108052449F2B300256973 /* WorkoutResultViewController.swift */; };
		56D108082449F2C200256973 /* WorkoutResultViewModel.swift in Sources */ = {isa = PBXBuildFile; fileRef = 56D108072449F2C200256973 /* WorkoutResultViewModel.swift */; };
		56D1080A244A05AE00256973 /* SignUpUseCase.swift in Sources */ = {isa = PBXBuildFile; fileRef = 56D10809244A05AE00256973 /* SignUpUseCase.swift */; };
		56D1080C244A295F00256973 /* TabRootViewController.swift in Sources */ = {isa = PBXBuildFile; fileRef = 56D1080B244A295F00256973 /* TabRootViewController.swift */; };
		56D1080E244A2B5E00256973 /* TabRootViewModel.swift in Sources */ = {isa = PBXBuildFile; fileRef = 56D1080D244A2B5E00256973 /* TabRootViewModel.swift */; };
		56DBD82F24366F17008819D0 /* ApiError.swift in Sources */ = {isa = PBXBuildFile; fileRef = 56DBD82E24366F17008819D0 /* ApiError.swift */; };
		56DBD83324375B54008819D0 /* KeyboardHeightHandler.swift in Sources */ = {isa = PBXBuildFile; fileRef = 56DBD83224375B54008819D0 /* KeyboardHeightHandler.swift */; };
		56DBD83524378859008819D0 /* InputValidator.swift in Sources */ = {isa = PBXBuildFile; fileRef = 56DBD83424378859008819D0 /* InputValidator.swift */; };
		56DBD83A243794E2008819D0 /* TextFieldStyles.swift in Sources */ = {isa = PBXBuildFile; fileRef = 56DBD839243794E2008819D0 /* TextFieldStyles.swift */; };
		56DBD83E24379521008819D0 /* ValidationRules.swift in Sources */ = {isa = PBXBuildFile; fileRef = 56DBD83D24379521008819D0 /* ValidationRules.swift */; };
		56DD8A852446370A000728BC /* LoginViewModel.swift in Sources */ = {isa = PBXBuildFile; fileRef = 56DD8A842446370A000728BC /* LoginViewModel.swift */; };
		56DD8A872446398E000728BC /* LoginUseCase.swift in Sources */ = {isa = PBXBuildFile; fileRef = 56DD8A862446398E000728BC /* LoginUseCase.swift */; };
		56DD8A8924463998000728BC /* LogoutUseCase.swift in Sources */ = {isa = PBXBuildFile; fileRef = 56DD8A8824463998000728BC /* LogoutUseCase.swift */; };
		56DD8A8B244639C9000728BC /* BgUseCase.swift in Sources */ = {isa = PBXBuildFile; fileRef = 56DD8A8A244639C9000728BC /* BgUseCase.swift */; };
		56DD8A8E24463C29000728BC /* BaseViewModel.swift in Sources */ = {isa = PBXBuildFile; fileRef = 56DD8A8D24463C29000728BC /* BaseViewModel.swift */; };
		56DD8A9024463C45000728BC /* AuthRepository.swift in Sources */ = {isa = PBXBuildFile; fileRef = 56DD8A8F24463C45000728BC /* AuthRepository.swift */; };
		56DD8A9224463C52000728BC /* BaseRepository.swift in Sources */ = {isa = PBXBuildFile; fileRef = 56DD8A9124463C52000728BC /* BaseRepository.swift */; };
		56DD8A9624464626000728BC /* AsyncCallback.swift in Sources */ = {isa = PBXBuildFile; fileRef = 56DD8A9524464626000728BC /* AsyncCallback.swift */; };
		56E77C672448DAA00036C6CA /* None.swift in Sources */ = {isa = PBXBuildFile; fileRef = 56E77C662448DAA00036C6CA /* None.swift */; };
		56E77C69244992AA0036C6CA /* WeeklyChallangeFlowCoordinator.swift in Sources */ = {isa = PBXBuildFile; fileRef = 56E77C68244992AA0036C6CA /* WeeklyChallangeFlowCoordinator.swift */; };
		56E77C6B244997810036C6CA /* WeeklyChallangeViewModel.swift in Sources */ = {isa = PBXBuildFile; fileRef = 56E77C6A244997810036C6CA /* WeeklyChallangeViewModel.swift */; };
		56E77C6D24499BBB0036C6CA /* MainTabViewController.swift in Sources */ = {isa = PBXBuildFile; fileRef = 56E77C6C24499BBB0036C6CA /* MainTabViewController.swift */; };
		56E77C712449B39E0036C6CA /* SignUpViewController.swift in Sources */ = {isa = PBXBuildFile; fileRef = 56E77C702449B39E0036C6CA /* SignUpViewController.swift */; };
		56E77C732449B3B20036C6CA /* SignUpViewModel.swift in Sources */ = {isa = PBXBuildFile; fileRef = 56E77C722449B3B20036C6CA /* SignUpViewModel.swift */; };
		56E77C752449B4820036C6CA /* WorkoutViewController.swift in Sources */ = {isa = PBXBuildFile; fileRef = 56E77C742449B4820036C6CA /* WorkoutViewController.swift */; };
		56E77C772449B48F0036C6CA /* WorkoutViewModel.swift in Sources */ = {isa = PBXBuildFile; fileRef = 56E77C762449B48F0036C6CA /* WorkoutViewModel.swift */; };
		56E77C792449B4AB0036C6CA /* MainFlowCoordinator.swift in Sources */ = {isa = PBXBuildFile; fileRef = 56E77C782449B4AB0036C6CA /* MainFlowCoordinator.swift */; };
		56E77C7D2449B5F80036C6CA /* WorkoutPlansFlowCoordinator.swift in Sources */ = {isa = PBXBuildFile; fileRef = 56E77C7C2449B5F80036C6CA /* WorkoutPlansFlowCoordinator.swift */; };
		56E77C832449B8790036C6CA /* ProfileViewModel.swift in Sources */ = {isa = PBXBuildFile; fileRef = 56E77C822449B8790036C6CA /* ProfileViewModel.swift */; };
		56E77C852449B8900036C6CA /* ProfileViewController.swift in Sources */ = {isa = PBXBuildFile; fileRef = 56E77C842449B8900036C6CA /* ProfileViewController.swift */; };
		56E77C872449B8B10036C6CA /* ProfileFlowCoordinator.swift in Sources */ = {isa = PBXBuildFile; fileRef = 56E77C862449B8B10036C6CA /* ProfileFlowCoordinator.swift */; };
		56FF8CA32434B2340093A2E1 /* PropertyObserver.swift in Sources */ = {isa = PBXBuildFile; fileRef = 56FF8CA22434B2340093A2E1 /* PropertyObserver.swift */; };
		D01981CEDE617FB08227F282 /* libPods-QuarantineWorkout.a in Frameworks */ = {isa = PBXBuildFile; fileRef = 9B6557184295269B838671FF /* libPods-QuarantineWorkout.a */; };
/* End PBXBuildFile section */

/* Begin PBXFileReference section */
		160F9F2C93D8821630BB8303 /* Pods-QuarantineWorkout.release.xcconfig */ = {isa = PBXFileReference; includeInIndex = 1; lastKnownFileType = text.xcconfig; name = "Pods-QuarantineWorkout.release.xcconfig"; path = "Target Support Files/Pods-QuarantineWorkout/Pods-QuarantineWorkout.release.xcconfig"; sourceTree = "<group>"; };
		560EDAEC2430927A0011DB55 /* WeeklyChallangeViewController.swift */ = {isa = PBXFileReference; lastKnownFileType = sourcecode.swift; path = WeeklyChallangeViewController.swift; sourceTree = "<group>"; };
		561BA9AF244F2D13006626CF /* WorkoutPlan.swift */ = {isa = PBXFileReference; lastKnownFileType = sourcecode.swift; path = WorkoutPlan.swift; sourceTree = "<group>"; };
		5634BFCC243FCB2D00FEF19B /* ApiResult.swift */ = {isa = PBXFileReference; lastKnownFileType = sourcecode.swift; path = ApiResult.swift; sourceTree = "<group>"; };
		5634BFD224408BC900FEF19B /* ApiClient.swift */ = {isa = PBXFileReference; lastKnownFileType = sourcecode.swift; path = ApiClient.swift; sourceTree = "<group>"; };
		5634BFD92440AE8800FEF19B /* CoreDataCollectionProperty.swift */ = {isa = PBXFileReference; lastKnownFileType = sourcecode.swift; path = CoreDataCollectionProperty.swift; sourceTree = "<group>"; };
		5634BFDB2440AF3300FEF19B /* DataController.swift */ = {isa = PBXFileReference; fileEncoding = 4; lastKnownFileType = sourcecode.swift; path = DataController.swift; sourceTree = "<group>"; };
		5634BFDD2440B0CC00FEF19B /* CoreDataResult.swift */ = {isa = PBXFileReference; lastKnownFileType = sourcecode.swift; path = CoreDataResult.swift; sourceTree = "<group>"; };
		5636B00A2441C325005B7C2C /* LocalModel.xcdatamodel */ = {isa = PBXFileReference; lastKnownFileType = wrapper.xcdatamodel; path = LocalModel.xcdatamodel; sourceTree = "<group>"; };
		564B4ED7244B2EDE00ABD59B /* WorkoutPlanTableView.swift */ = {isa = PBXFileReference; lastKnownFileType = sourcecode.swift; path = WorkoutPlanTableView.swift; sourceTree = "<group>"; };
		564B4ED9244B30AA00ABD59B /* Workout.swift */ = {isa = PBXFileReference; lastKnownFileType = sourcecode.swift; path = Workout.swift; sourceTree = "<group>"; };
		5653570920542E8700857C9B /* QuarantineWorkout.app */ = {isa = PBXFileReference; explicitFileType = wrapper.application; includeInIndex = 0; path = QuarantineWorkout.app; sourceTree = BUILT_PRODUCTS_DIR; };
		5653570C20542E8700857C9B /* AppDelegate.swift */ = {isa = PBXFileReference; lastKnownFileType = sourcecode.swift; path = AppDelegate.swift; sourceTree = "<group>"; };
		5653571120542E8700857C9B /* Base */ = {isa = PBXFileReference; lastKnownFileType = file.storyboard; name = Base; path = Base.lproj/Main.storyboard; sourceTree = "<group>"; };
		5653571320542E8700857C9B /* Assets.xcassets */ = {isa = PBXFileReference; lastKnownFileType = folder.assetcatalog; path = Assets.xcassets; sourceTree = "<group>"; };
		5653571620542E8700857C9B /* Base */ = {isa = PBXFileReference; lastKnownFileType = file.storyboard; name = Base; path = Base.lproj/LaunchScreen.storyboard; sourceTree = "<group>"; };
		5653571820542E8800857C9B /* Info.plist */ = {isa = PBXFileReference; lastKnownFileType = text.plist.xml; path = Info.plist; sourceTree = "<group>"; };
		565357202055329C00857C9B /* AboutViewController.swift */ = {isa = PBXFileReference; fileEncoding = 4; lastKnownFileType = sourcecode.swift; path = AboutViewController.swift; sourceTree = "<group>"; };
		56762CDF244A3D1100D7D191 /* WeeklyChallangeResponse.swift */ = {isa = PBXFileReference; lastKnownFileType = sourcecode.swift; path = WeeklyChallangeResponse.swift; sourceTree = "<group>"; };
		56762CE1244A3E7F00D7D191 /* ApiRepository.swift */ = {isa = PBXFileReference; lastKnownFileType = sourcecode.swift; path = ApiRepository.swift; sourceTree = "<group>"; };
		56762CE4244A3FB800D7D191 /* GetWeeklyChallangeUseCase.swift */ = {isa = PBXFileReference; lastKnownFileType = sourcecode.swift; path = GetWeeklyChallangeUseCase.swift; sourceTree = "<group>"; };
		5693EA1A243B89EE006BB1C7 /* ObservableProperty.swift */ = {isa = PBXFileReference; lastKnownFileType = sourcecode.swift; path = ObservableProperty.swift; sourceTree = "<group>"; };
		5693EA1E243B9A93006BB1C7 /* AsyncResult.swift */ = {isa = PBXFileReference; lastKnownFileType = sourcecode.swift; path = AsyncResult.swift; sourceTree = "<group>"; };
		5693EA29243C7BAF006BB1C7 /* BaseViewController.swift */ = {isa = PBXFileReference; lastKnownFileType = sourcecode.swift; path = BaseViewController.swift; sourceTree = "<group>"; };
		5693EA2B243CDEED006BB1C7 /* GeocodeLocationProperty.swift */ = {isa = PBXFileReference; lastKnownFileType = sourcecode.swift; path = GeocodeLocationProperty.swift; sourceTree = "<group>"; };
		5695A5B32444A1C400EC5434 /* PhotoCollectionDownloader.swift */ = {isa = PBXFileReference; lastKnownFileType = sourcecode.swift; path = PhotoCollectionDownloader.swift; sourceTree = "<group>"; };
		5695A5B52444ACB000EC5434 /* FetchedCollectionViewDataSource.swift */ = {isa = PBXFileReference; lastKnownFileType = sourcecode.swift; path = FetchedCollectionViewDataSource.swift; sourceTree = "<group>"; };
		5697C391244B7E8300CFCC01 /* WorkoutTableCell.swift */ = {isa = PBXFileReference; lastKnownFileType = sourcecode.swift; path = WorkoutTableCell.swift; sourceTree = "<group>"; };
		5697C394244B8DAC00CFCC01 /* WorkoutTableCell.xib */ = {isa = PBXFileReference; lastKnownFileType = file.xib; path = WorkoutTableCell.xib; sourceTree = "<group>"; };
		569A4D982448811500531473 /* UseCase.swift */ = {isa = PBXFileReference; lastKnownFileType = sourcecode.swift; path = UseCase.swift; sourceTree = "<group>"; };
		569A4D9C2448851400531473 /* InitialFlowCoordinator.swift */ = {isa = PBXFileReference; lastKnownFileType = sourcecode.swift; path = InitialFlowCoordinator.swift; sourceTree = "<group>"; };
		569A4DA12448A66500531473 /* BaseFlowCoordinator.swift */ = {isa = PBXFileReference; lastKnownFileType = sourcecode.swift; path = BaseFlowCoordinator.swift; sourceTree = "<group>"; };
		569A4DA32448CF0D00531473 /* GoogleService-Info.plist */ = {isa = PBXFileReference; fileEncoding = 4; lastKnownFileType = text.plist.xml; path = "GoogleService-Info.plist"; sourceTree = "<group>"; };
		56AD64402433AD9D000D88FE /* IdGenerator.swift */ = {isa = PBXFileReference; lastKnownFileType = sourcecode.swift; path = IdGenerator.swift; sourceTree = "<group>"; };
		56BDFE90243258F40013A9EB /* ApiRequest.swift */ = {isa = PBXFileReference; lastKnownFileType = sourcecode.swift; path = ApiRequest.swift; sourceTree = "<group>"; };
		56BDFE92243262AA0013A9EB /* BaseApi.swift */ = {isa = PBXFileReference; lastKnownFileType = sourcecode.swift; path = BaseApi.swift; sourceTree = "<group>"; };
		56BDFE94243276FC0013A9EB /* ApiProperty.swift */ = {isa = PBXFileReference; lastKnownFileType = sourcecode.swift; path = ApiProperty.swift; sourceTree = "<group>"; };
		56CB51D92445F1BC008B1EAA /* LoginViewController.swift */ = {isa = PBXFileReference; fileEncoding = 4; lastKnownFileType = sourcecode.swift; path = LoginViewController.swift; sourceTree = "<group>"; };
		56D108052449F2B300256973 /* WorkoutResultViewController.swift */ = {isa = PBXFileReference; lastKnownFileType = sourcecode.swift; path = WorkoutResultViewController.swift; sourceTree = "<group>"; };
		56D108072449F2C200256973 /* WorkoutResultViewModel.swift */ = {isa = PBXFileReference; lastKnownFileType = sourcecode.swift; path = WorkoutResultViewModel.swift; sourceTree = "<group>"; };
		56D10809244A05AE00256973 /* SignUpUseCase.swift */ = {isa = PBXFileReference; lastKnownFileType = sourcecode.swift; path = SignUpUseCase.swift; sourceTree = "<group>"; };
		56D1080B244A295F00256973 /* TabRootViewController.swift */ = {isa = PBXFileReference; lastKnownFileType = sourcecode.swift; path = TabRootViewController.swift; sourceTree = "<group>"; };
		56D1080D244A2B5E00256973 /* TabRootViewModel.swift */ = {isa = PBXFileReference; lastKnownFileType = sourcecode.swift; path = TabRootViewModel.swift; sourceTree = "<group>"; };
		56DBD82E24366F17008819D0 /* ApiError.swift */ = {isa = PBXFileReference; lastKnownFileType = sourcecode.swift; path = ApiError.swift; sourceTree = "<group>"; };
		56DBD83224375B54008819D0 /* KeyboardHeightHandler.swift */ = {isa = PBXFileReference; lastKnownFileType = sourcecode.swift; path = KeyboardHeightHandler.swift; sourceTree = "<group>"; };
		56DBD83424378859008819D0 /* InputValidator.swift */ = {isa = PBXFileReference; lastKnownFileType = sourcecode.swift; path = InputValidator.swift; sourceTree = "<group>"; };
		56DBD839243794E2008819D0 /* TextFieldStyles.swift */ = {isa = PBXFileReference; lastKnownFileType = sourcecode.swift; path = TextFieldStyles.swift; sourceTree = "<group>"; };
		56DBD83D24379521008819D0 /* ValidationRules.swift */ = {isa = PBXFileReference; lastKnownFileType = sourcecode.swift; path = ValidationRules.swift; sourceTree = "<group>"; };
		56DD8A842446370A000728BC /* LoginViewModel.swift */ = {isa = PBXFileReference; lastKnownFileType = sourcecode.swift; path = LoginViewModel.swift; sourceTree = "<group>"; };
		56DD8A862446398E000728BC /* LoginUseCase.swift */ = {isa = PBXFileReference; lastKnownFileType = sourcecode.swift; path = LoginUseCase.swift; sourceTree = "<group>"; };
		56DD8A8824463998000728BC /* LogoutUseCase.swift */ = {isa = PBXFileReference; lastKnownFileType = sourcecode.swift; path = LogoutUseCase.swift; sourceTree = "<group>"; };
		56DD8A8A244639C9000728BC /* BgUseCase.swift */ = {isa = PBXFileReference; lastKnownFileType = sourcecode.swift; path = BgUseCase.swift; sourceTree = "<group>"; };
		56DD8A8D24463C29000728BC /* BaseViewModel.swift */ = {isa = PBXFileReference; lastKnownFileType = sourcecode.swift; path = BaseViewModel.swift; sourceTree = "<group>"; };
		56DD8A8F24463C45000728BC /* AuthRepository.swift */ = {isa = PBXFileReference; lastKnownFileType = sourcecode.swift; path = AuthRepository.swift; sourceTree = "<group>"; };
		56DD8A9124463C52000728BC /* BaseRepository.swift */ = {isa = PBXFileReference; lastKnownFileType = sourcecode.swift; path = BaseRepository.swift; sourceTree = "<group>"; };
		56DD8A9524464626000728BC /* AsyncCallback.swift */ = {isa = PBXFileReference; lastKnownFileType = sourcecode.swift; path = AsyncCallback.swift; sourceTree = "<group>"; };
		56E77C662448DAA00036C6CA /* None.swift */ = {isa = PBXFileReference; lastKnownFileType = sourcecode.swift; path = None.swift; sourceTree = "<group>"; };
		56E77C68244992AA0036C6CA /* WeeklyChallangeFlowCoordinator.swift */ = {isa = PBXFileReference; lastKnownFileType = sourcecode.swift; path = WeeklyChallangeFlowCoordinator.swift; sourceTree = "<group>"; };
		56E77C6A244997810036C6CA /* WeeklyChallangeViewModel.swift */ = {isa = PBXFileReference; lastKnownFileType = sourcecode.swift; path = WeeklyChallangeViewModel.swift; sourceTree = "<group>"; };
		56E77C6C24499BBB0036C6CA /* MainTabViewController.swift */ = {isa = PBXFileReference; lastKnownFileType = sourcecode.swift; path = MainTabViewController.swift; sourceTree = "<group>"; };
		56E77C702449B39E0036C6CA /* SignUpViewController.swift */ = {isa = PBXFileReference; lastKnownFileType = sourcecode.swift; path = SignUpViewController.swift; sourceTree = "<group>"; };
		56E77C722449B3B20036C6CA /* SignUpViewModel.swift */ = {isa = PBXFileReference; lastKnownFileType = sourcecode.swift; path = SignUpViewModel.swift; sourceTree = "<group>"; };
		56E77C742449B4820036C6CA /* WorkoutViewController.swift */ = {isa = PBXFileReference; lastKnownFileType = sourcecode.swift; path = WorkoutViewController.swift; sourceTree = "<group>"; };
		56E77C762449B48F0036C6CA /* WorkoutViewModel.swift */ = {isa = PBXFileReference; lastKnownFileType = sourcecode.swift; path = WorkoutViewModel.swift; sourceTree = "<group>"; };
		56E77C782449B4AB0036C6CA /* MainFlowCoordinator.swift */ = {isa = PBXFileReference; lastKnownFileType = sourcecode.swift; path = MainFlowCoordinator.swift; sourceTree = "<group>"; };
		56E77C7C2449B5F80036C6CA /* WorkoutPlansFlowCoordinator.swift */ = {isa = PBXFileReference; lastKnownFileType = sourcecode.swift; path = WorkoutPlansFlowCoordinator.swift; sourceTree = "<group>"; };
		56E77C822449B8790036C6CA /* ProfileViewModel.swift */ = {isa = PBXFileReference; lastKnownFileType = sourcecode.swift; path = ProfileViewModel.swift; sourceTree = "<group>"; };
		56E77C842449B8900036C6CA /* ProfileViewController.swift */ = {isa = PBXFileReference; lastKnownFileType = sourcecode.swift; path = ProfileViewController.swift; sourceTree = "<group>"; };
		56E77C862449B8B10036C6CA /* ProfileFlowCoordinator.swift */ = {isa = PBXFileReference; lastKnownFileType = sourcecode.swift; path = ProfileFlowCoordinator.swift; sourceTree = "<group>"; };
		56FF8CA22434B2340093A2E1 /* PropertyObserver.swift */ = {isa = PBXFileReference; lastKnownFileType = sourcecode.swift; path = PropertyObserver.swift; sourceTree = "<group>"; };
		64EBC3A7D7342D878F93CE15 /* Pods-QuarantineWorkout.debug.xcconfig */ = {isa = PBXFileReference; includeInIndex = 1; lastKnownFileType = text.xcconfig; name = "Pods-QuarantineWorkout.debug.xcconfig"; path = "Target Support Files/Pods-QuarantineWorkout/Pods-QuarantineWorkout.debug.xcconfig"; sourceTree = "<group>"; };
		9B6557184295269B838671FF /* libPods-QuarantineWorkout.a */ = {isa = PBXFileReference; explicitFileType = archive.ar; includeInIndex = 0; path = "libPods-QuarantineWorkout.a"; sourceTree = BUILT_PRODUCTS_DIR; };
/* End PBXFileReference section */

/* Begin PBXFrameworksBuildPhase section */
		5653570620542E8700857C9B /* Frameworks */ = {
			isa = PBXFrameworksBuildPhase;
			buildActionMask = 2147483647;
			files = (
				D01981CEDE617FB08227F282 /* libPods-QuarantineWorkout.a in Frameworks */,
			);
			runOnlyForDeploymentPostprocessing = 0;
		};
/* End PBXFrameworksBuildPhase section */

/* Begin PBXGroup section */
		560EDAE1242FBE740011DB55 /* View */ = {
			isa = PBXGroup;
			children = (
				5697C393244B8D4800CFCC01 /* Layout */,
				564B4ED6244B2EBB00ABD59B /* Component */,
				56DD8A7F2446369D000728BC /* Cell */,
				56FA030F242F626C0029C29B /* Controller */,
			);
			path = View;
			sourceTree = "<group>";
		};
		5634BFCB243FC6F300FEF19B /* Local */ = {
			isa = PBXGroup;
			children = (
				5695A5B52444ACB000EC5434 /* FetchedCollectionViewDataSource.swift */,
				5634BFDB2440AF3300FEF19B /* DataController.swift */,
				5634BFD92440AE8800FEF19B /* CoreDataCollectionProperty.swift */,
				5634BFDD2440B0CC00FEF19B /* CoreDataResult.swift */,
				5636B0092441C325005B7C2C /* LocalModel.xcdatamodeld */,
			);
			path = Local;
			sourceTree = "<group>";
		};
		5634BFD42440902A00FEF19B /* Response */ = {
			isa = PBXGroup;
			children = (
				56762CDF244A3D1100D7D191 /* WeeklyChallangeResponse.swift */,
				564B4ED9244B30AA00ABD59B /* Workout.swift */,
				561BA9AF244F2D13006626CF /* WorkoutPlan.swift */,
			);
			path = Response;
			sourceTree = "<group>";
		};
		564B4ED6244B2EBB00ABD59B /* Component */ = {
			isa = PBXGroup;
			children = (
				564B4ED7244B2EDE00ABD59B /* WorkoutPlanTableView.swift */,
			);
			path = Component;
			sourceTree = "<group>";
		};
		5653570020542E8700857C9B = {
			isa = PBXGroup;
			children = (
				5653570B20542E8700857C9B /* QuarantineWorkout */,
				5653570A20542E8700857C9B /* Products */,
				74A62AFC74EFD455EB66E1FF /* Pods */,
				75F53ED8BCA099BBE52A7E9A /* Frameworks */,
			);
			sourceTree = "<group>";
		};
		5653570A20542E8700857C9B /* Products */ = {
			isa = PBXGroup;
			children = (
				5653570920542E8700857C9B /* QuarantineWorkout.app */,
			);
			name = Products;
			sourceTree = "<group>";
		};
		5653570B20542E8700857C9B /* QuarantineWorkout */ = {
			isa = PBXGroup;
			children = (
				569A4DA32448CF0D00531473 /* GoogleService-Info.plist */,
				56DD8A83244636CA000728BC /* Infrastructure */,
				56DD8A7E24463688000728BC /* Data */,
				56DD8A7D2446365B000728BC /* Domain */,
				56DD8A7C24463655000728BC /* Presentation */,
				56DBD83624379478008819D0 /* Utils */,
				5653570C20542E8700857C9B /* AppDelegate.swift */,
				5653571020542E8700857C9B /* Main.storyboard */,
				5653571320542E8700857C9B /* Assets.xcassets */,
				5653571520542E8700857C9B /* LaunchScreen.storyboard */,
				5653571820542E8800857C9B /* Info.plist */,
			);
			path = QuarantineWorkout;
			sourceTree = "<group>";
		};
		56762CE3244A3F9000D7D191 /* Base */ = {
			isa = PBXGroup;
			children = (
				56BDFE90243258F40013A9EB /* ApiRequest.swift */,
				56BDFE92243262AA0013A9EB /* BaseApi.swift */,
				56BDFE94243276FC0013A9EB /* ApiProperty.swift */,
				56DBD82E24366F17008819D0 /* ApiError.swift */,
				5634BFCC243FCB2D00FEF19B /* ApiResult.swift */,
			);
			path = Base;
			sourceTree = "<group>";
		};
		5697C393244B8D4800CFCC01 /* Layout */ = {
			isa = PBXGroup;
			children = (
				5697C394244B8DAC00CFCC01 /* WorkoutTableCell.xib */,
			);
			path = Layout;
			sourceTree = "<group>";
		};
		569A4D972448810300531473 /* Base */ = {
			isa = PBXGroup;
			children = (
				56DD8A8A244639C9000728BC /* BgUseCase.swift */,
				569A4D982448811500531473 /* UseCase.swift */,
				56762CE4244A3FB800D7D191 /* GetWeeklyChallangeUseCase.swift */,
			);
			path = Base;
			sourceTree = "<group>";
		};
		569A4DA024488CE300531473 /* FlowCoordinator */ = {
			isa = PBXGroup;
			children = (
				569A4D9C2448851400531473 /* InitialFlowCoordinator.swift */,
				569A4DA12448A66500531473 /* BaseFlowCoordinator.swift */,
				56E77C68244992AA0036C6CA /* WeeklyChallangeFlowCoordinator.swift */,
				56E77C782449B4AB0036C6CA /* MainFlowCoordinator.swift */,
				56E77C7C2449B5F80036C6CA /* WorkoutPlansFlowCoordinator.swift */,
				56E77C862449B8B10036C6CA /* ProfileFlowCoordinator.swift */,
			);
			path = FlowCoordinator;
			sourceTree = "<group>";
		};
		56BDFE8D243258BF0013A9EB /* Api */ = {
			isa = PBXGroup;
			children = (
				56762CE3244A3F9000D7D191 /* Base */,
				5634BFD224408BC900FEF19B /* ApiClient.swift */,
				5634BFD42440902A00FEF19B /* Response */,
			);
			path = Api;
			sourceTree = "<group>";
		};
		56DBD83624379478008819D0 /* Utils */ = {
			isa = PBXGroup;
			children = (
				56E77C662448DAA00036C6CA /* None.swift */,
				56AD64402433AD9D000D88FE /* IdGenerator.swift */,
				56DBD83824379496008819D0 /* Keyboard */,
				56DBD8372437948E008819D0 /* Input */,
			);
			path = Utils;
			sourceTree = "<group>";
		};
		56DBD8372437948E008819D0 /* Input */ = {
			isa = PBXGroup;
			children = (
				56DBD83424378859008819D0 /* InputValidator.swift */,
				56DBD839243794E2008819D0 /* TextFieldStyles.swift */,
				56DBD83D24379521008819D0 /* ValidationRules.swift */,
			);
			path = Input;
			sourceTree = "<group>";
		};
		56DBD83824379496008819D0 /* Keyboard */ = {
			isa = PBXGroup;
			children = (
				56DBD83224375B54008819D0 /* KeyboardHeightHandler.swift */,
			);
			path = Keyboard;
			sourceTree = "<group>";
		};
		56DD8A7C24463655000728BC /* Presentation */ = {
			isa = PBXGroup;
			children = (
				569A4DA024488CE300531473 /* FlowCoordinator */,
				56DD8A80244636AB000728BC /* ViewModel */,
				560EDAE1242FBE740011DB55 /* View */,
			);
			path = Presentation;
			sourceTree = "<group>";
		};
		56DD8A7D2446365B000728BC /* Domain */ = {
			isa = PBXGroup;
			children = (
				56DD8A82244636C0000728BC /* Entity */,
				56DD8A81244636B8000728BC /* UseCase */,
			);
			path = Domain;
			sourceTree = "<group>";
		};
		56DD8A7E24463688000728BC /* Data */ = {
			isa = PBXGroup;
			children = (
				56DD8A9524464626000728BC /* AsyncCallback.swift */,
				5693EA1E243B9A93006BB1C7 /* AsyncResult.swift */,
				56FF8CA22434B2340093A2E1 /* PropertyObserver.swift */,
				5693EA1A243B89EE006BB1C7 /* ObservableProperty.swift */,
				56DD8A8C24463C14000728BC /* Repository */,
				56E6661F242D6A5B00C3B621 /* Model */,
			);
			path = Data;
			sourceTree = "<group>";
		};
		56DD8A7F2446369D000728BC /* Cell */ = {
			isa = PBXGroup;
			children = (
				5697C391244B7E8300CFCC01 /* WorkoutTableCell.swift */,
			);
			path = Cell;
			sourceTree = "<group>";
		};
		56DD8A80244636AB000728BC /* ViewModel */ = {
			isa = PBXGroup;
			children = (
				56DD8A842446370A000728BC /* LoginViewModel.swift */,
				56DD8A8D24463C29000728BC /* BaseViewModel.swift */,
				56E77C6A244997810036C6CA /* WeeklyChallangeViewModel.swift */,
				56E77C722449B3B20036C6CA /* SignUpViewModel.swift */,
				56E77C762449B48F0036C6CA /* WorkoutViewModel.swift */,
				56E77C822449B8790036C6CA /* ProfileViewModel.swift */,
				56D108072449F2C200256973 /* WorkoutResultViewModel.swift */,
				56D1080D244A2B5E00256973 /* TabRootViewModel.swift */,
			);
			path = ViewModel;
			sourceTree = "<group>";
		};
		56DD8A81244636B8000728BC /* UseCase */ = {
			isa = PBXGroup;
			children = (
				569A4D972448810300531473 /* Base */,
				56DD8A862446398E000728BC /* LoginUseCase.swift */,
				56DD8A8824463998000728BC /* LogoutUseCase.swift */,
				56D10809244A05AE00256973 /* SignUpUseCase.swift */,
			);
			path = UseCase;
			sourceTree = "<group>";
		};
		56DD8A82244636C0000728BC /* Entity */ = {
			isa = PBXGroup;
			children = (
			);
			path = Entity;
			sourceTree = "<group>";
		};
		56DD8A83244636CA000728BC /* Infrastructure */ = {
			isa = PBXGroup;
			children = (
			);
			path = Infrastructure;
			sourceTree = "<group>";
		};
		56DD8A8C24463C14000728BC /* Repository */ = {
			isa = PBXGroup;
			children = (
				56DD8A8F24463C45000728BC /* AuthRepository.swift */,
				56DD8A9124463C52000728BC /* BaseRepository.swift */,
				56762CE1244A3E7F00D7D191 /* ApiRepository.swift */,
			);
			path = Repository;
			sourceTree = "<group>";
		};
		56E6661F242D6A5B00C3B621 /* Model */ = {
			isa = PBXGroup;
			children = (
				5634BFCB243FC6F300FEF19B /* Local */,
				5693EA2B243CDEED006BB1C7 /* GeocodeLocationProperty.swift */,
				5695A5B32444A1C400EC5434 /* PhotoCollectionDownloader.swift */,
				56BDFE8D243258BF0013A9EB /* Api */,
			);
			path = Model;
			sourceTree = "<group>";
		};
		56FA030F242F626C0029C29B /* Controller */ = {
			isa = PBXGroup;
			children = (
				56D108052449F2B300256973 /* WorkoutResultViewController.swift */,
				56E77C742449B4820036C6CA /* WorkoutViewController.swift */,
				56E77C702449B39E0036C6CA /* SignUpViewController.swift */,
				56CB51D92445F1BC008B1EAA /* LoginViewController.swift */,
				565357202055329C00857C9B /* AboutViewController.swift */,
				560EDAEC2430927A0011DB55 /* WeeklyChallangeViewController.swift */,
				5693EA29243C7BAF006BB1C7 /* BaseViewController.swift */,
				56E77C6C24499BBB0036C6CA /* MainTabViewController.swift */,
				56E77C842449B8900036C6CA /* ProfileViewController.swift */,
				56D1080B244A295F00256973 /* TabRootViewController.swift */,
			);
			path = Controller;
			sourceTree = "<group>";
		};
		74A62AFC74EFD455EB66E1FF /* Pods */ = {
			isa = PBXGroup;
			children = (
				64EBC3A7D7342D878F93CE15 /* Pods-QuarantineWorkout.debug.xcconfig */,
				160F9F2C93D8821630BB8303 /* Pods-QuarantineWorkout.release.xcconfig */,
			);
			path = Pods;
			sourceTree = "<group>";
		};
		75F53ED8BCA099BBE52A7E9A /* Frameworks */ = {
			isa = PBXGroup;
			children = (
				9B6557184295269B838671FF /* libPods-QuarantineWorkout.a */,
			);
			name = Frameworks;
			sourceTree = "<group>";
		};
/* End PBXGroup section */

/* Begin PBXNativeTarget section */
		5653570820542E8700857C9B /* QuarantineWorkout */ = {
			isa = PBXNativeTarget;
			buildConfigurationList = 5653571B20542E8800857C9B /* Build configuration list for PBXNativeTarget "QuarantineWorkout" */;
			buildPhases = (
				9701B13DEC256CB12BB4B68D /* [CP] Check Pods Manifest.lock */,
				5653570520542E8700857C9B /* Sources */,
				5653570620542E8700857C9B /* Frameworks */,
				5653570720542E8700857C9B /* Resources */,
			);
			buildRules = (
			);
			dependencies = (
			);
			name = QuarantineWorkout;
			productName = MemeMeV1;
			productReference = 5653570920542E8700857C9B /* QuarantineWorkout.app */;
			productType = "com.apple.product-type.application";
		};
/* End PBXNativeTarget section */

/* Begin PBXProject section */
		5653570120542E8700857C9B /* Project object */ = {
			isa = PBXProject;
			attributes = {
				LastSwiftUpdateCheck = 0920;
				LastUpgradeCheck = 1140;
				ORGANIZATIONNAME = "Jan Skála";
				TargetAttributes = {
					5653570820542E8700857C9B = {
						CreatedOnToolsVersion = 9.2;
						LastSwiftMigration = 1140;
						ProvisioningStyle = Automatic;
					};
				};
			};
			buildConfigurationList = 5653570420542E8700857C9B /* Build configuration list for PBXProject "QuarantineWorkout" */;
			compatibilityVersion = "Xcode 8.0";
			developmentRegion = en;
			hasScannedForEncodings = 0;
			knownRegions = (
				en,
				Base,
			);
			mainGroup = 5653570020542E8700857C9B;
			productRefGroup = 5653570A20542E8700857C9B /* Products */;
			projectDirPath = "";
			projectRoot = "";
			targets = (
				5653570820542E8700857C9B /* QuarantineWorkout */,
			);
		};
/* End PBXProject section */

/* Begin PBXResourcesBuildPhase section */
		5653570720542E8700857C9B /* Resources */ = {
			isa = PBXResourcesBuildPhase;
			buildActionMask = 2147483647;
			files = (
				5653571720542E8700857C9B /* LaunchScreen.storyboard in Resources */,
				569A4DA42448CF0D00531473 /* GoogleService-Info.plist in Resources */,
				5653571420542E8700857C9B /* Assets.xcassets in Resources */,
				5697C395244B8DAD00CFCC01 /* WorkoutTableCell.xib in Resources */,
				5653571220542E8700857C9B /* Main.storyboard in Resources */,
			);
			runOnlyForDeploymentPostprocessing = 0;
		};
/* End PBXResourcesBuildPhase section */

/* Begin PBXShellScriptBuildPhase section */
		9701B13DEC256CB12BB4B68D /* [CP] Check Pods Manifest.lock */ = {
			isa = PBXShellScriptBuildPhase;
			buildActionMask = 2147483647;
			files = (
			);
			inputFileListPaths = (
			);
			inputPaths = (
				"${PODS_PODFILE_DIR_PATH}/Podfile.lock",
				"${PODS_ROOT}/Manifest.lock",
			);
			name = "[CP] Check Pods Manifest.lock";
			outputFileListPaths = (
			);
			outputPaths = (
				"$(DERIVED_FILE_DIR)/Pods-QuarantineWorkout-checkManifestLockResult.txt",
			);
			runOnlyForDeploymentPostprocessing = 0;
			shellPath = /bin/sh;
			shellScript = "diff \"${PODS_PODFILE_DIR_PATH}/Podfile.lock\" \"${PODS_ROOT}/Manifest.lock\" > /dev/null\nif [ $? != 0 ] ; then\n    # print error to STDERR\n    echo \"error: The sandbox is not in sync with the Podfile.lock. Run 'pod install' or update your CocoaPods installation.\" >&2\n    exit 1\nfi\n# This output is used by Xcode 'outputs' to avoid re-running this script phase.\necho \"SUCCESS\" > \"${SCRIPT_OUTPUT_FILE_0}\"\n";
			showEnvVarsInLog = 0;
		};
/* End PBXShellScriptBuildPhase section */

/* Begin PBXSourcesBuildPhase section */
		5653570520542E8700857C9B /* Sources */ = {
			isa = PBXSourcesBuildPhase;
			buildActionMask = 2147483647;
			files = (
				56FF8CA32434B2340093A2E1 /* PropertyObserver.swift in Sources */,
				5634BFCD243FCB2D00FEF19B /* ApiResult.swift in Sources */,
				56E77C832449B8790036C6CA /* ProfileViewModel.swift in Sources */,
				56DD8A852446370A000728BC /* LoginViewModel.swift in Sources */,
				56E77C792449B4AB0036C6CA /* MainFlowCoordinator.swift in Sources */,
				56AD64412433AD9D000D88FE /* IdGenerator.swift in Sources */,
				56BDFE95243276FC0013A9EB /* ApiProperty.swift in Sources */,
				56E77C672448DAA00036C6CA /* None.swift in Sources */,
				56E77C69244992AA0036C6CA /* WeeklyChallangeFlowCoordinator.swift in Sources */,
				5693EA1B243B89EE006BB1C7 /* ObservableProperty.swift in Sources */,
				5634BFDC2440AF3300FEF19B /* DataController.swift in Sources */,
				56DD8A8924463998000728BC /* LogoutUseCase.swift in Sources */,
				56D108062449F2B300256973 /* WorkoutResultViewController.swift in Sources */,
				564B4ED8244B2EDE00ABD59B /* WorkoutPlanTableView.swift in Sources */,
				56E77C852449B8900036C6CA /* ProfileViewController.swift in Sources */,
				565357212055329D00857C9B /* AboutViewController.swift in Sources */,
				56D1080E244A2B5E00256973 /* TabRootViewModel.swift in Sources */,
				5693EA1F243B9A93006BB1C7 /* AsyncResult.swift in Sources */,
				561BA9B0244F2D13006626CF /* WorkoutPlan.swift in Sources */,
				560EDAED2430927A0011DB55 /* WeeklyChallangeViewController.swift in Sources */,
				56DBD83A243794E2008819D0 /* TextFieldStyles.swift in Sources */,
				569A4DA22448A66500531473 /* BaseFlowCoordinator.swift in Sources */,
				56E77C7D2449B5F80036C6CA /* WorkoutPlansFlowCoordinator.swift in Sources */,
				569A4D9D2448851400531473 /* InitialFlowCoordinator.swift in Sources */,
				5634BFDE2440B0CC00FEF19B /* CoreDataResult.swift in Sources */,
				56BDFE91243258F40013A9EB /* ApiRequest.swift in Sources */,
				56CB51DA2445F1BC008B1EAA /* LoginViewController.swift in Sources */,
				5693EA2A243C7BAF006BB1C7 /* BaseViewController.swift in Sources */,
				5695A5B62444ACB000EC5434 /* FetchedCollectionViewDataSource.swift in Sources */,
				56E77C732449B3B20036C6CA /* SignUpViewModel.swift in Sources */,
				56D1080C244A295F00256973 /* TabRootViewController.swift in Sources */,
				56DBD83324375B54008819D0 /* KeyboardHeightHandler.swift in Sources */,
				56DD8A872446398E000728BC /* LoginUseCase.swift in Sources */,
				56E77C752449B4820036C6CA /* WorkoutViewController.swift in Sources */,
				56DD8A9024463C45000728BC /* AuthRepository.swift in Sources */,
				569A4D992448811500531473 /* UseCase.swift in Sources */,
				56DD8A8E24463C29000728BC /* BaseViewModel.swift in Sources */,
				5653570D20542E8700857C9B /* AppDelegate.swift in Sources */,
				56DBD83524378859008819D0 /* InputValidator.swift in Sources */,
				56762CE2244A3E7F00D7D191 /* ApiRepository.swift in Sources */,
				56E77C872449B8B10036C6CA /* ProfileFlowCoordinator.swift in Sources */,
				56D1080A244A05AE00256973 /* SignUpUseCase.swift in Sources */,
				5634BFD324408BC900FEF19B /* ApiClient.swift in Sources */,
				56BDFE93243262AA0013A9EB /* BaseApi.swift in Sources */,
				56DBD83E24379521008819D0 /* ValidationRules.swift in Sources */,
				56762CE5244A3FB800D7D191 /* GetWeeklyChallangeUseCase.swift in Sources */,
				56DD8A9224463C52000728BC /* BaseRepository.swift in Sources */,
				56E77C712449B39E0036C6CA /* SignUpViewController.swift in Sources */,
				56E77C6D24499BBB0036C6CA /* MainTabViewController.swift in Sources */,
				56E77C772449B48F0036C6CA /* WorkoutViewModel.swift in Sources */,
				5695A5B42444A1C400EC5434 /* PhotoCollectionDownloader.swift in Sources */,
				56762CE0244A3D1100D7D191 /* WeeklyChallangeResponse.swift in Sources */,
				56DBD82F24366F17008819D0 /* ApiError.swift in Sources */,
				56DD8A9624464626000728BC /* AsyncCallback.swift in Sources */,
				5697C392244B7E8300CFCC01 /* WorkoutTableCell.swift in Sources */,
				5634BFDA2440AE8800FEF19B /* CoreDataCollectionProperty.swift in Sources */,
				56E77C6B244997810036C6CA /* WeeklyChallangeViewModel.swift in Sources */,
				5693EA2C243CDEED006BB1C7 /* GeocodeLocationProperty.swift in Sources */,
				564B4EDA244B30AA00ABD59B /* Workout.swift in Sources */,
				56DD8A8B244639C9000728BC /* BgUseCase.swift in Sources */,
				56D108082449F2C200256973 /* WorkoutResultViewModel.swift in Sources */,
				5636B00B2441C325005B7C2C /* LocalModel.xcdatamodeld in Sources */,
			);
			runOnlyForDeploymentPostprocessing = 0;
		};
/* End PBXSourcesBuildPhase section */

/* Begin PBXVariantGroup section */
		5653571020542E8700857C9B /* Main.storyboard */ = {
			isa = PBXVariantGroup;
			children = (
				5653571120542E8700857C9B /* Base */,
			);
			name = Main.storyboard;
			sourceTree = "<group>";
		};
		5653571520542E8700857C9B /* LaunchScreen.storyboard */ = {
			isa = PBXVariantGroup;
			children = (
				5653571620542E8700857C9B /* Base */,
			);
			name = LaunchScreen.storyboard;
			sourceTree = "<group>";
		};
/* End PBXVariantGroup section */

/* Begin XCBuildConfiguration section */
		5653571920542E8800857C9B /* Debug */ = {
			isa = XCBuildConfiguration;
			buildSettings = {
				ALWAYS_SEARCH_USER_PATHS = NO;
				CLANG_ANALYZER_NONNULL = YES;
				CLANG_ANALYZER_NUMBER_OBJECT_CONVERSION = YES_AGGRESSIVE;
				CLANG_CXX_LANGUAGE_STANDARD = "gnu++14";
				CLANG_CXX_LIBRARY = "libc++";
				CLANG_ENABLE_MODULES = YES;
				CLANG_ENABLE_OBJC_ARC = YES;
				CLANG_WARN_BLOCK_CAPTURE_AUTORELEASING = YES;
				CLANG_WARN_BOOL_CONVERSION = YES;
				CLANG_WARN_COMMA = YES;
				CLANG_WARN_CONSTANT_CONVERSION = YES;
				CLANG_WARN_DEPRECATED_OBJC_IMPLEMENTATIONS = YES;
				CLANG_WARN_DIRECT_OBJC_ISA_USAGE = YES_ERROR;
				CLANG_WARN_DOCUMENTATION_COMMENTS = YES;
				CLANG_WARN_EMPTY_BODY = YES;
				CLANG_WARN_ENUM_CONVERSION = YES;
				CLANG_WARN_INFINITE_RECURSION = YES;
				CLANG_WARN_INT_CONVERSION = YES;
				CLANG_WARN_NON_LITERAL_NULL_CONVERSION = YES;
				CLANG_WARN_OBJC_IMPLICIT_RETAIN_SELF = YES;
				CLANG_WARN_OBJC_LITERAL_CONVERSION = YES;
				CLANG_WARN_OBJC_ROOT_CLASS = YES_ERROR;
				CLANG_WARN_RANGE_LOOP_ANALYSIS = YES;
				CLANG_WARN_STRICT_PROTOTYPES = YES;
				CLANG_WARN_SUSPICIOUS_MOVE = YES;
				CLANG_WARN_UNGUARDED_AVAILABILITY = YES_AGGRESSIVE;
				CLANG_WARN_UNREACHABLE_CODE = YES;
				CLANG_WARN__DUPLICATE_METHOD_MATCH = YES;
				CODE_SIGN_IDENTITY = "Apple Development: jan.skala566@gmail.com (PX6KL4J475)";
				COPY_PHASE_STRIP = NO;
				DEBUG_INFORMATION_FORMAT = dwarf;
				DEVELOPMENT_TEAM = 8W7PPJLYL3;
				ENABLE_STRICT_OBJC_MSGSEND = YES;
				ENABLE_TESTABILITY = YES;
				GCC_C_LANGUAGE_STANDARD = gnu11;
				GCC_DYNAMIC_NO_PIC = NO;
				GCC_NO_COMMON_BLOCKS = YES;
				GCC_OPTIMIZATION_LEVEL = 0;
				GCC_PREPROCESSOR_DEFINITIONS = (
					"DEBUG=1",
					"$(inherited)",
				);
				GCC_WARN_64_TO_32_BIT_CONVERSION = YES;
				GCC_WARN_ABOUT_RETURN_TYPE = YES_ERROR;
				GCC_WARN_UNDECLARED_SELECTOR = YES;
				GCC_WARN_UNINITIALIZED_AUTOS = YES_AGGRESSIVE;
				GCC_WARN_UNUSED_FUNCTION = YES;
				GCC_WARN_UNUSED_VARIABLE = YES;
				IPHONEOS_DEPLOYMENT_TARGET = 11.4;
				MTL_ENABLE_DEBUG_INFO = YES;
				ONLY_ACTIVE_ARCH = YES;
				SDKROOT = iphoneos;
				SWIFT_ACTIVE_COMPILATION_CONDITIONS = DEBUG;
				SWIFT_OPTIMIZATION_LEVEL = "-Onone";
			};
			name = Debug;
		};
		5653571A20542E8800857C9B /* Release */ = {
			isa = XCBuildConfiguration;
			buildSettings = {
				ALWAYS_SEARCH_USER_PATHS = NO;
				CLANG_ANALYZER_NONNULL = YES;
				CLANG_ANALYZER_NUMBER_OBJECT_CONVERSION = YES_AGGRESSIVE;
				CLANG_CXX_LANGUAGE_STANDARD = "gnu++14";
				CLANG_CXX_LIBRARY = "libc++";
				CLANG_ENABLE_MODULES = YES;
				CLANG_ENABLE_OBJC_ARC = YES;
				CLANG_WARN_BLOCK_CAPTURE_AUTORELEASING = YES;
				CLANG_WARN_BOOL_CONVERSION = YES;
				CLANG_WARN_COMMA = YES;
				CLANG_WARN_CONSTANT_CONVERSION = YES;
				CLANG_WARN_DEPRECATED_OBJC_IMPLEMENTATIONS = YES;
				CLANG_WARN_DIRECT_OBJC_ISA_USAGE = YES_ERROR;
				CLANG_WARN_DOCUMENTATION_COMMENTS = YES;
				CLANG_WARN_EMPTY_BODY = YES;
				CLANG_WARN_ENUM_CONVERSION = YES;
				CLANG_WARN_INFINITE_RECURSION = YES;
				CLANG_WARN_INT_CONVERSION = YES;
				CLANG_WARN_NON_LITERAL_NULL_CONVERSION = YES;
				CLANG_WARN_OBJC_IMPLICIT_RETAIN_SELF = YES;
				CLANG_WARN_OBJC_LITERAL_CONVERSION = YES;
				CLANG_WARN_OBJC_ROOT_CLASS = YES_ERROR;
				CLANG_WARN_RANGE_LOOP_ANALYSIS = YES;
				CLANG_WARN_STRICT_PROTOTYPES = YES;
				CLANG_WARN_SUSPICIOUS_MOVE = YES;
				CLANG_WARN_UNGUARDED_AVAILABILITY = YES_AGGRESSIVE;
				CLANG_WARN_UNREACHABLE_CODE = YES;
				CLANG_WARN__DUPLICATE_METHOD_MATCH = YES;
				CODE_SIGN_IDENTITY = "Apple Development: jan.skala566@gmail.com (PX6KL4J475)";
				COPY_PHASE_STRIP = NO;
				DEBUG_INFORMATION_FORMAT = "dwarf-with-dsym";
				DEVELOPMENT_TEAM = 8W7PPJLYL3;
				ENABLE_NS_ASSERTIONS = NO;
				ENABLE_STRICT_OBJC_MSGSEND = YES;
				GCC_C_LANGUAGE_STANDARD = gnu11;
				GCC_NO_COMMON_BLOCKS = YES;
				GCC_WARN_64_TO_32_BIT_CONVERSION = YES;
				GCC_WARN_ABOUT_RETURN_TYPE = YES_ERROR;
				GCC_WARN_UNDECLARED_SELECTOR = YES;
				GCC_WARN_UNINITIALIZED_AUTOS = YES_AGGRESSIVE;
				GCC_WARN_UNUSED_FUNCTION = YES;
				GCC_WARN_UNUSED_VARIABLE = YES;
				IPHONEOS_DEPLOYMENT_TARGET = 11.4;
				MTL_ENABLE_DEBUG_INFO = NO;
				SDKROOT = iphoneos;
				SWIFT_OPTIMIZATION_LEVEL = "-Owholemodule";
				VALIDATE_PRODUCT = YES;
			};
			name = Release;
		};
		5653571C20542E8800857C9B /* Debug */ = {
			isa = XCBuildConfiguration;
			baseConfigurationReference = 64EBC3A7D7342D878F93CE15 /* Pods-QuarantineWorkout.debug.xcconfig */;
			buildSettings = {
				ASSETCATALOG_COMPILER_APPICON_NAME = AppIcon;
				CODE_SIGN_IDENTITY = "iPhone Developer";
				CODE_SIGN_STYLE = Automatic;
				INFOPLIST_FILE = "$(SRCROOT)/QuarantineWorkout/Info.plist";
				LD_RUNPATH_SEARCH_PATHS = "$(inherited) @executable_path/Frameworks";
				PRODUCT_BUNDLE_IDENTIFIER = com.kjs566.quarantineworkout;
				PRODUCT_NAME = QuarantineWorkout;
				SWIFT_VERSION = 5.0;
				TARGETED_DEVICE_FAMILY = "1,2";
			};
			name = Debug;
		};
		5653571D20542E8800857C9B /* Release */ = {
			isa = XCBuildConfiguration;
			baseConfigurationReference = 160F9F2C93D8821630BB8303 /* Pods-QuarantineWorkout.release.xcconfig */;
			buildSettings = {
				ASSETCATALOG_COMPILER_APPICON_NAME = AppIcon;
				CODE_SIGN_IDENTITY = "iPhone Developer";
				CODE_SIGN_STYLE = Automatic;
				INFOPLIST_FILE = "$(SRCROOT)/QuarantineWorkout/Info.plist";
				LD_RUNPATH_SEARCH_PATHS = "$(inherited) @executable_path/Frameworks";
				PRODUCT_BUNDLE_IDENTIFIER = com.kjs566.quarantineworkout;
				PRODUCT_NAME = QuarantineWorkout;
				SWIFT_VERSION = 5.0;
				TARGETED_DEVICE_FAMILY = "1,2";
			};
			name = Release;
		};
/* End XCBuildConfiguration section */

/* Begin XCConfigurationList section */
		5653570420542E8700857C9B /* Build configuration list for PBXProject "QuarantineWorkout" */ = {
			isa = XCConfigurationList;
			buildConfigurations = (
				5653571920542E8800857C9B /* Debug */,
				5653571A20542E8800857C9B /* Release */,
			);
			defaultConfigurationIsVisible = 0;
			defaultConfigurationName = Release;
		};
		5653571B20542E8800857C9B /* Build configuration list for PBXNativeTarget "QuarantineWorkout" */ = {
			isa = XCConfigurationList;
			buildConfigurations = (
				5653571C20542E8800857C9B /* Debug */,
				5653571D20542E8800857C9B /* Release */,
			);
			defaultConfigurationIsVisible = 0;
			defaultConfigurationName = Release;
		};
/* End XCConfigurationList section */

/* Begin XCVersionGroup section */
		5636B0092441C325005B7C2C /* LocalModel.xcdatamodeld */ = {
			isa = XCVersionGroup;
			children = (
				5636B00A2441C325005B7C2C /* LocalModel.xcdatamodel */,
			);
			currentVersion = 5636B00A2441C325005B7C2C /* LocalModel.xcdatamodel */;
			path = LocalModel.xcdatamodeld;
			sourceTree = "<group>";
			versionGroupType = wrapper.xcdatamodel;
		};
/* End XCVersionGroup section */
	};
	rootObject = 5653570120542E8700857C9B /* Project object */;
}
